{
  "name": "cvwo-todo-api",
  "version": "1.0.0",
  "lockfileVersion": 1,
  "requires": true,
  "dependencies": {
    "angular": {
      "version": "1.6.8",
      "resolved": "https://registry.npmjs.org/angular/-/angular-1.6.8.tgz",
      "integrity": "sha512-9WErZIOw1Cu1V5Yxdvxz/6YpND8ntdP71fdPpufPFJvZodZXqCjQBYrHqEoMZreO5i84O3D/Jw/vepoFt68Azw=="
    },
    "jquery": {
      "version": "3.2.1",
      "resolved": "https://registry.npmjs.org/jquery/-/jquery-3.2.1.tgz",
      "integrity": "sha1-XE2d5lKvbNCncBVKYxu6ErAVx4c="
    },
    "js-cookie": {
      "version": "2.2.0",
      "resolved": "https://registry.npmjs.org/js-cookie/-/js-cookie-2.2.0.tgz",
      "integrity": "sha1-Gywnmm7s44ChIWi5JIUmWzWx7/s="
    },
    "semantic-ui-calendar": {
      "version": "0.0.8",
      "resolved": "https://registry.npmjs.org/semantic-ui-calendar/-/semantic-ui-calendar-0.0.8.tgz",
      "integrity": "sha1-rhZQTk2AFsrFupoArYzNSkMN4+8="
    },
    "semantic-ui-css": {
      "version": "2.2.12",
      "resolved": "https://registry.npmjs.org/semantic-ui-css/-/semantic-ui-css-2.2.12.tgz",
      "integrity": "sha512-RrA3k6hya+kEMDmVLT38SBTDQD8FgdnFi16eMPuQ1N1xUOoBxKzr+HZASb7Zo3xlMvkYqEWvPIp58Wjl6Zcsfg==",
      "requires": {
        "jquery": "3.2.1"
      }
    }
  }
}
